// !$*UTF8*$!
{
	archiveVersion = 1;
	classes = {
	};
	objectVersion = 50;
	objects = {

/* Begin PBXBuildFile section */
		AC4D5718250901580032F73D /* AppDelegate.swift in Sources */ = {isa = PBXBuildFile; fileRef = AC4D5717250901580032F73D /* AppDelegate.swift */; };
		AC4D571A250901580032F73D /* SceneDelegate.swift in Sources */ = {isa = PBXBuildFile; fileRef = AC4D5719250901580032F73D /* SceneDelegate.swift */; };
		AC4D571C250901580032F73D /* ContentView.swift in Sources */ = {isa = PBXBuildFile; fileRef = AC4D571B250901580032F73D /* ContentView.swift */; };
		AC4D571E250901590032F73D /* Assets.xcassets in Resources */ = {isa = PBXBuildFile; fileRef = AC4D571D250901590032F73D /* Assets.xcassets */; };
		AC4D5721250901590032F73D /* Preview Assets.xcassets in Resources */ = {isa = PBXBuildFile; fileRef = AC4D5720250901590032F73D /* Preview Assets.xcassets */; };
		AC4D5724250901590032F73D /* LaunchScreen.storyboard in Resources */ = {isa = PBXBuildFile; fileRef = AC4D5722250901590032F73D /* LaunchScreen.storyboard */; };
		AC4D572F250901590032F73D /* ApoloTests.swift in Sources */ = {isa = PBXBuildFile; fileRef = AC4D572E250901590032F73D /* ApoloTests.swift */; };
		AC4D573A250901590032F73D /* ApoloUITests.swift in Sources */ = {isa = PBXBuildFile; fileRef = AC4D5739250901590032F73D /* ApoloUITests.swift */; };
/* End PBXBuildFile section */

/* Begin PBXContainerItemProxy section */
		AC4D572B250901590032F73D /* PBXContainerItemProxy */ = {
			isa = PBXContainerItemProxy;
			containerPortal = AC4D570C250901580032F73D /* Project object */;
			proxyType = 1;
			remoteGlobalIDString = AC4D5713250901580032F73D;
			remoteInfo = Apolo;
		};
		AC4D5736250901590032F73D /* PBXContainerItemProxy */ = {
			isa = PBXContainerItemProxy;
			containerPortal = AC4D570C250901580032F73D /* Project object */;
			proxyType = 1;
			remoteGlobalIDString = AC4D5713250901580032F73D;
			remoteInfo = Apolo;
		};
/* End PBXContainerItemProxy section */

/* Begin PBXFileReference section */
		AC4D5714250901580032F73D /* Apolo.app */ = {isa = PBXFileReference; explicitFileType = wrapper.application; includeInIndex = 0; path = Apolo.app; sourceTree = BUILT_PRODUCTS_DIR; };
		AC4D5717250901580032F73D /* AppDelegate.swift */ = {isa = PBXFileReference; lastKnownFileType = sourcecode.swift; path = AppDelegate.swift; sourceTree = "<group>"; };
		AC4D5719250901580032F73D /* SceneDelegate.swift */ = {isa = PBXFileReference; lastKnownFileType = sourcecode.swift; path = SceneDelegate.swift; sourceTree = "<group>"; };
		AC4D571B250901580032F73D /* ContentView.swift */ = {isa = PBXFileReference; lastKnownFileType = sourcecode.swift; path = ContentView.swift; sourceTree = "<group>"; };
		AC4D571D250901590032F73D /* Assets.xcassets */ = {isa = PBXFileReference; lastKnownFileType = folder.assetcatalog; path = Assets.xcassets; sourceTree = "<group>"; };
		AC4D5720250901590032F73D /* Preview Assets.xcassets */ = {isa = PBXFileReference; lastKnownFileType = folder.assetcatalog; path = "Preview Assets.xcassets"; sourceTree = "<group>"; };
		AC4D5723250901590032F73D /* Base */ = {isa = PBXFileReference; lastKnownFileType = file.storyboard; name = Base; path = Base.lproj/LaunchScreen.storyboard; sourceTree = "<group>"; };
		AC4D5725250901590032F73D /* Info.plist */ = {isa = PBXFileReference; lastKnownFileType = text.plist.xml; path = Info.plist; sourceTree = "<group>"; };
		AC4D572A250901590032F73D /* ApoloTests.xctest */ = {isa = PBXFileReference; explicitFileType = wrapper.cfbundle; includeInIndex = 0; path = ApoloTests.xctest; sourceTree = BUILT_PRODUCTS_DIR; };
		AC4D572E250901590032F73D /* ApoloTests.swift */ = {isa = PBXFileReference; lastKnownFileType = sourcecode.swift; path = ApoloTests.swift; sourceTree = "<group>"; };
		AC4D5730250901590032F73D /* Info.plist */ = {isa = PBXFileReference; lastKnownFileType = text.plist.xml; path = Info.plist; sourceTree = "<group>"; };
		AC4D5735250901590032F73D /* ApoloUITests.xctest */ = {isa = PBXFileReference; explicitFileType = wrapper.cfbundle; includeInIndex = 0; path = ApoloUITests.xctest; sourceTree = BUILT_PRODUCTS_DIR; };
		AC4D5739250901590032F73D /* ApoloUITests.swift */ = {isa = PBXFileReference; lastKnownFileType = sourcecode.swift; path = ApoloUITests.swift; sourceTree = "<group>"; };
		AC4D573B250901590032F73D /* Info.plist */ = {isa = PBXFileReference; lastKnownFileType = text.plist.xml; path = Info.plist; sourceTree = "<group>"; };
/* End PBXFileReference section */

/* Begin PBXFrameworksBuildPhase section */
		AC4D5711250901580032F73D /* Frameworks */ = {
			isa = PBXFrameworksBuildPhase;
			buildActionMask = 2147483647;
			files = (
			);
			runOnlyForDeploymentPostprocessing = 0;
		};
		AC4D5727250901590032F73D /* Frameworks */ = {
			isa = PBXFrameworksBuildPhase;
			buildActionMask = 2147483647;
			files = (
			);
			runOnlyForDeploymentPostprocessing = 0;
		};
		AC4D5732250901590032F73D /* Frameworks */ = {
			isa = PBXFrameworksBuildPhase;
			buildActionMask = 2147483647;
			files = (
			);
			runOnlyForDeploymentPostprocessing = 0;
		};
/* End PBXFrameworksBuildPhase section */

/* Begin PBXGroup section */
		AC4D570B250901580032F73D = {
			isa = PBXGroup;
			children = (
				AC4D5716250901580032F73D /* Apolo */,
				AC4D572D250901590032F73D /* ApoloTests */,
				AC4D5738250901590032F73D /* ApoloUITests */,
				AC4D5715250901580032F73D /* Products */,
			);
			sourceTree = "<group>";
		};
		AC4D5715250901580032F73D /* Products */ = {
			isa = PBXGroup;
			children = (
				AC4D5714250901580032F73D /* Apolo.app */,
				AC4D572A250901590032F73D /* ApoloTests.xctest */,
				AC4D5735250901590032F73D /* ApoloUITests.xctest */,
			);
			name = Products;
			sourceTree = "<group>";
		};
		AC4D5716250901580032F73D /* Apolo */ = {
			isa = PBXGroup;
			children = (
				AC4D5717250901580032F73D /* AppDelegate.swift */,
				AC4D5719250901580032F73D /* SceneDelegate.swift */,
				AC4D571B250901580032F73D /* ContentView.swift */,
				AC4D571D250901590032F73D /* Assets.xcassets */,
				AC4D5722250901590032F73D /* LaunchScreen.storyboard */,
				AC4D5725250901590032F73D /* Info.plist */,
				AC4D571F250901590032F73D /* Preview Content */,
			);
			path = Apolo;
			sourceTree = "<group>";
		};
		AC4D571F250901590032F73D /* Preview Content */ = {
			isa = PBXGroup;
			children = (
				AC4D5720250901590032F73D /* Preview Assets.xcassets */,
			);
			path = "Preview Content";
			sourceTree = "<group>";
		};
		AC4D572D250901590032F73D /* ApoloTests */ = {
			isa = PBXGroup;
			children = (
				AC4D572E250901590032F73D /* ApoloTests.swift */,
				AC4D5730250901590032F73D /* Info.plist */,
			);
			path = ApoloTests;
			sourceTree = "<group>";
		};
		AC4D5738250901590032F73D /* ApoloUITests */ = {
			isa = PBXGroup;
			children = (
				AC4D5739250901590032F73D /* ApoloUITests.swift */,
				AC4D573B250901590032F73D /* Info.plist */,
			);
			path = ApoloUITests;
			sourceTree = "<group>";
		};
/* End PBXGroup section */

/* Begin PBXNativeTarget section */
		AC4D5713250901580032F73D /* Apolo */ = {
			isa = PBXNativeTarget;
			buildConfigurationList = AC4D573E250901590032F73D /* Build configuration list for PBXNativeTarget "Apolo" */;
			buildPhases = (
				AC4D5710250901580032F73D /* Sources */,
				AC4D5711250901580032F73D /* Frameworks */,
				AC4D5712250901580032F73D /* Resources */,
			);
			buildRules = (
			);
			dependencies = (
			);
			name = Apolo;
			productName = Apolo;
			productReference = AC4D5714250901580032F73D /* Apolo.app */;
			productType = "com.apple.product-type.application";
		};
		AC4D5729250901590032F73D /* ApoloTests */ = {
			isa = PBXNativeTarget;
			buildConfigurationList = AC4D5741250901590032F73D /* Build configuration list for PBXNativeTarget "ApoloTests" */;
			buildPhases = (
				AC4D5726250901590032F73D /* Sources */,
				AC4D5727250901590032F73D /* Frameworks */,
				AC4D5728250901590032F73D /* Resources */,
			);
			buildRules = (
			);
			dependencies = (
				AC4D572C250901590032F73D /* PBXTargetDependency */,
			);
			name = ApoloTests;
			productName = ApoloTests;
			productReference = AC4D572A250901590032F73D /* ApoloTests.xctest */;
			productType = "com.apple.product-type.bundle.unit-test";
		};
		AC4D5734250901590032F73D /* ApoloUITests */ = {
			isa = PBXNativeTarget;
			buildConfigurationList = AC4D5744250901590032F73D /* Build configuration list for PBXNativeTarget "ApoloUITests" */;
			buildPhases = (
				AC4D5731250901590032F73D /* Sources */,
				AC4D5732250901590032F73D /* Frameworks */,
				AC4D5733250901590032F73D /* Resources */,
			);
			buildRules = (
			);
			dependencies = (
				AC4D5737250901590032F73D /* PBXTargetDependency */,
			);
			name = ApoloUITests;
			productName = ApoloUITests;
			productReference = AC4D5735250901590032F73D /* ApoloUITests.xctest */;
			productType = "com.apple.product-type.bundle.ui-testing";
		};
/* End PBXNativeTarget section */

/* Begin PBXProject section */
		AC4D570C250901580032F73D /* Project object */ = {
			isa = PBXProject;
			attributes = {
				LastSwiftUpdateCheck = 1170;
				LastUpgradeCheck = 1170;
				ORGANIZATIONNAME = "Артём Бутырин";
				TargetAttributes = {
					AC4D5713250901580032F73D = {
						CreatedOnToolsVersion = 11.7;
					};
					AC4D5729250901590032F73D = {
						CreatedOnToolsVersion = 11.7;
						TestTargetID = AC4D5713250901580032F73D;
					};
					AC4D5734250901590032F73D = {
						CreatedOnToolsVersion = 11.7;
						TestTargetID = AC4D5713250901580032F73D;
					};
				};
			};
			buildConfigurationList = AC4D570F250901580032F73D /* Build configuration list for PBXProject "Apolo" */;
			compatibilityVersion = "Xcode 9.3";
			developmentRegion = en;
			hasScannedForEncodings = 0;
			knownRegions = (
				en,
				Base,
			);
			mainGroup = AC4D570B250901580032F73D;
			productRefGroup = AC4D5715250901580032F73D /* Products */;
			projectDirPath = "";
			projectRoot = "";
			targets = (
				AC4D5713250901580032F73D /* Apolo */,
				AC4D5729250901590032F73D /* ApoloTests */,
				AC4D5734250901590032F73D /* ApoloUITests */,
			);
		};
/* End PBXProject section */

/* Begin PBXResourcesBuildPhase section */
		AC4D5712250901580032F73D /* Resources */ = {
			isa = PBXResourcesBuildPhase;
			buildActionMask = 2147483647;
			files = (
				AC4D5724250901590032F73D /* LaunchScreen.storyboard in Resources */,
				AC4D5721250901590032F73D /* Preview Assets.xcassets in Resources */,
				AC4D571E250901590032F73D /* Assets.xcassets in Resources */,
			);
			runOnlyForDeploymentPostprocessing = 0;
		};
		AC4D5728250901590032F73D /* Resources */ = {
			isa = PBXResourcesBuildPhase;
			buildActionMask = 2147483647;
			files = (
			);
			runOnlyForDeploymentPostprocessing = 0;
		};
		AC4D5733250901590032F73D /* Resources */ = {
			isa = PBXResourcesBuildPhase;
			buildActionMask = 2147483647;
			files = (
			);
			runOnlyForDeploymentPostprocessing = 0;
		};
/* End PBXResourcesBuildPhase section */

/* Begin PBXSourcesBuildPhase section */
		AC4D5710250901580032F73D /* Sources */ = {
			isa = PBXSourcesBuildPhase;
			buildActionMask = 2147483647;
			files = (
				AC4D5718250901580032F73D /* AppDelegate.swift in Sources */,
				AC4D571A250901580032F73D /* SceneDelegate.swift in Sources */,
				AC4D571C250901580032F73D /* ContentView.swift in Sources */,
			);
			runOnlyForDeploymentPostprocessing = 0;
		};
		AC4D5726250901590032F73D /* Sources */ = {
			isa = PBXSourcesBuildPhase;
			buildActionMask = 2147483647;
			files = (
				AC4D572F250901590032F73D /* ApoloTests.swift in Sources */,
			);
			runOnlyForDeploymentPostprocessing = 0;
		};
		AC4D5731250901590032F73D /* Sources */ = {
			isa = PBXSourcesBuildPhase;
			buildActionMask = 2147483647;
			files = (
				AC4D573A250901590032F73D /* ApoloUITests.swift in Sources */,
			);
			runOnlyForDeploymentPostprocessing = 0;
		};
/* End PBXSourcesBuildPhase section */

/* Begin PBXTargetDependency section */
		AC4D572C250901590032F73D /* PBXTargetDependency */ = {
			isa = PBXTargetDependency;
			target = AC4D5713250901580032F73D /* Apolo */;
			targetProxy = AC4D572B250901590032F73D /* PBXContainerItemProxy */;
		};
		AC4D5737250901590032F73D /* PBXTargetDependency */ = {
			isa = PBXTargetDependency;
			target = AC4D5713250901580032F73D /* Apolo */;
			targetProxy = AC4D5736250901590032F73D /* PBXContainerItemProxy */;
		};
/* End PBXTargetDependency section */

/* Begin PBXVariantGroup section */
		AC4D5722250901590032F73D /* LaunchScreen.storyboard */ = {
			isa = PBXVariantGroup;
			children = (
				AC4D5723250901590032F73D /* Base */,
			);
			name = LaunchScreen.storyboard;
			sourceTree = "<group>";
		};
/* End PBXVariantGroup section */

/* Begin XCBuildConfiguration section */
		AC4D573C250901590032F73D /* Debug */ = {
			isa = XCBuildConfiguration;
			buildSettings = {
				ALWAYS_SEARCH_USER_PATHS = NO;
				CLANG_ANALYZER_NONNULL = YES;
				CLANG_ANALYZER_NUMBER_OBJECT_CONVERSION = YES_AGGRESSIVE;
				CLANG_CXX_LANGUAGE_STANDARD = "gnu++14";
				CLANG_CXX_LIBRARY = "libc++";
				CLANG_ENABLE_MODULES = YES;
				CLANG_ENABLE_OBJC_ARC = YES;
				CLANG_ENABLE_OBJC_WEAK = YES;
				CLANG_WARN_BLOCK_CAPTURE_AUTORELEASING = YES;
				CLANG_WARN_BOOL_CONVERSION = YES;
				CLANG_WARN_COMMA = YES;
				CLANG_WARN_CONSTANT_CONVERSION = YES;
				CLANG_WARN_DEPRECATED_OBJC_IMPLEMENTATIONS = YES;
				CLANG_WARN_DIRECT_OBJC_ISA_USAGE = YES_ERROR;
				CLANG_WARN_DOCUMENTATION_COMMENTS = YES;
				CLANG_WARN_EMPTY_BODY = YES;
				CLANG_WARN_ENUM_CONVERSION = YES;
				CLANG_WARN_INFINITE_RECURSION = YES;
				CLANG_WARN_INT_CONVERSION = YES;
				CLANG_WARN_NON_LITERAL_NULL_CONVERSION = YES;
				CLANG_WARN_OBJC_IMPLICIT_RETAIN_SELF = YES;
				CLANG_WARN_OBJC_LITERAL_CONVERSION = YES;
				CLANG_WARN_OBJC_ROOT_CLASS = YES_ERROR;
				CLANG_WARN_RANGE_LOOP_ANALYSIS = YES;
				CLANG_WARN_STRICT_PROTOTYPES = YES;
				CLANG_WARN_SUSPICIOUS_MOVE = YES;
				CLANG_WARN_UNGUARDED_AVAILABILITY = YES_AGGRESSIVE;
				CLANG_WARN_UNREACHABLE_CODE = YES;
				CLANG_WARN__DUPLICATE_METHOD_MATCH = YES;
				COPY_PHASE_STRIP = NO;
				DEBUG_INFORMATION_FORMAT = dwarf;
				ENABLE_STRICT_OBJC_MSGSEND = YES;
				ENABLE_TESTABILITY = YES;
				GCC_C_LANGUAGE_STANDARD = gnu11;
				GCC_DYNAMIC_NO_PIC = NO;
				GCC_NO_COMMON_BLOCKS = YES;
				GCC_OPTIMIZATION_LEVEL = 0;
				GCC_PREPROCESSOR_DEFINITIONS = (
					"DEBUG=1",
					"$(inherited)",
				);
				GCC_WARN_64_TO_32_BIT_CONVERSION = YES;
				GCC_WARN_ABOUT_RETURN_TYPE = YES_ERROR;
				GCC_WARN_UNDECLARED_SELECTOR = YES;
				GCC_WARN_UNINITIALIZED_AUTOS = YES_AGGRESSIVE;
				GCC_WARN_UNUSED_FUNCTION = YES;
				GCC_WARN_UNUSED_VARIABLE = YES;
				IPHONEOS_DEPLOYMENT_TARGET = 13.7;
				MTL_ENABLE_DEBUG_INFO = INCLUDE_SOURCE;
				MTL_FAST_MATH = YES;
				ONLY_ACTIVE_ARCH = YES;
				SDKROOT = iphoneos;
				SWIFT_ACTIVE_COMPILATION_CONDITIONS = DEBUG;
				SWIFT_OPTIMIZATION_LEVEL = "-Onone";
			};
			name = Debug;
		};
		AC4D573D250901590032F73D /* Release */ = {
			isa = XCBuildConfiguration;
			buildSettings = {
				ALWAYS_SEARCH_USER_PATHS = NO;
				CLANG_ANALYZER_NONNULL = YES;
				CLANG_ANALYZER_NUMBER_OBJECT_CONVERSION = YES_AGGRESSIVE;
				CLANG_CXX_LANGUAGE_STANDARD = "gnu++14";
				CLANG_CXX_LIBRARY = "libc++";
				CLANG_ENABLE_MODULES = YES;
				CLANG_ENABLE_OBJC_ARC = YES;
				CLANG_ENABLE_OBJC_WEAK = YES;
				CLANG_WARN_BLOCK_CAPTURE_AUTORELEASING = YES;
				CLANG_WARN_BOOL_CONVERSION = YES;
				CLANG_WARN_COMMA = YES;
				CLANG_WARN_CONSTANT_CONVERSION = YES;
				CLANG_WARN_DEPRECATED_OBJC_IMPLEMENTATIONS = YES;
				CLANG_WARN_DIRECT_OBJC_ISA_USAGE = YES_ERROR;
				CLANG_WARN_DOCUMENTATION_COMMENTS = YES;
				CLANG_WARN_EMPTY_BODY = YES;
				CLANG_WARN_ENUM_CONVERSION = YES;
				CLANG_WARN_INFINITE_RECURSION = YES;
				CLANG_WARN_INT_CONVERSION = YES;
				CLANG_WARN_NON_LITERAL_NULL_CONVERSION = YES;
				CLANG_WARN_OBJC_IMPLICIT_RETAIN_SELF = YES;
				CLANG_WARN_OBJC_LITERAL_CONVERSION = YES;
				CLANG_WARN_OBJC_ROOT_CLASS = YES_ERROR;
				CLANG_WARN_RANGE_LOOP_ANALYSIS = YES;
				CLANG_WARN_STRICT_PROTOTYPES = YES;
				CLANG_WARN_SUSPICIOUS_MOVE = YES;
				CLANG_WARN_UNGUARDED_AVAILABILITY = YES_AGGRESSIVE;
				CLANG_WARN_UNREACHABLE_CODE = YES;
				CLANG_WARN__DUPLICATE_METHOD_MATCH = YES;
				COPY_PHASE_STRIP = NO;
				DEBUG_INFORMATION_FORMAT = "dwarf-with-dsym";
				ENABLE_NS_ASSERTIONS = NO;
				ENABLE_STRICT_OBJC_MSGSEND = YES;
				GCC_C_LANGUAGE_STANDARD = gnu11;
				GCC_NO_COMMON_BLOCKS = YES;
				GCC_WARN_64_TO_32_BIT_CONVERSION = YES;
				GCC_WARN_ABOUT_RETURN_TYPE = YES_ERROR;
				GCC_WARN_UNDECLARED_SELECTOR = YES;
				GCC_WARN_UNINITIALIZED_AUTOS = YES_AGGRESSIVE;
				GCC_WARN_UNUSED_FUNCTION = YES;
				GCC_WARN_UNUSED_VARIABLE = YES;
				IPHONEOS_DEPLOYMENT_TARGET = 13.7;
				MTL_ENABLE_DEBUG_INFO = NO;
				MTL_FAST_MATH = YES;
				SDKROOT = iphoneos;
				SWIFT_COMPILATION_MODE = wholemodule;
				SWIFT_OPTIMIZATION_LEVEL = "-O";
				VALIDATE_PRODUCT = YES;
			};
			name = Release;
		};
		AC4D573F250901590032F73D /* Debug */ = {
			isa = XCBuildConfiguration;
			buildSettings = {
				ASSETCATALOG_COMPILER_APPICON_NAME = AppIcon;
				CODE_SIGN_STYLE = Automatic;
				DEVELOPMENT_ASSET_PATHS = "\"Apolo/Preview Content\"";
				ENABLE_PREVIEWS = YES;
				INFOPLIST_FILE = Apolo/Info.plist;
				LD_RUNPATH_SEARCH_PATHS = (
					"$(inherited)",
					"@executable_path/Frameworks",
				);
				PRODUCT_BUNDLE_IDENTIFIER = angilex.Apolo;
				PRODUCT_NAME = "$(TARGET_NAME)";
				SWIFT_VERSION = 5.0;
				TARGETED_DEVICE_FAMILY = "1,2";
			};
			name = Debug;
		};
		AC4D5740250901590032F73D /* Release */ = {
			isa = XCBuildConfiguration;
			buildSettings = {
				ASSETCATALOG_COMPILER_APPICON_NAME = AppIcon;
				CODE_SIGN_STYLE = Automatic;
				DEVELOPMENT_ASSET_PATHS = "\"Apolo/Preview Content\"";
				ENABLE_PREVIEWS = YES;
				INFOPLIST_FILE = Apolo/Info.plist;
				LD_RUNPATH_SEARCH_PATHS = (
					"$(inherited)",
					"@executable_path/Frameworks",
				);
				PRODUCT_BUNDLE_IDENTIFIER = angilex.Apolo;
				PRODUCT_NAME = "$(TARGET_NAME)";
				SWIFT_VERSION = 5.0;
				TARGETED_DEVICE_FAMILY = "1,2";
			};
			name = Release;
		};
		AC4D5742250901590032F73D /* Debug */ = {
			isa = XCBuildConfiguration;
			buildSettings = {
				ALWAYS_EMBED_SWIFT_STANDARD_LIBRARIES = YES;
				BUNDLE_LOADER = "$(TEST_HOST)";
				CODE_SIGN_STYLE = Automatic;
				INFOPLIST_FILE = ApoloTests/Info.plist;
				IPHONEOS_DEPLOYMENT_TARGET = 13.7;
				LD_RUNPATH_SEARCH_PATHS = (
					"$(inherited)",
					"@executable_path/Frameworks",
					"@loader_path/Frameworks",
				);
				PRODUCT_BUNDLE_IDENTIFIER = angilex.ApoloTests;
				PRODUCT_NAME = "$(TARGET_NAME)";
				SWIFT_VERSION = 5.0;
				TARGETED_DEVICE_FAMILY = "1,2";
				TEST_HOST = "$(BUILT_PRODUCTS_DIR)/Apolo.app/Apolo";
			};
			name = Debug;
		};
		AC4D5743250901590032F73D /* Release */ = {
			isa = XCBuildConfiguration;
			buildSettings = {
				ALWAYS_EMBED_SWIFT_STANDARD_LIBRARIES = YES;
				BUNDLE_LOADER = "$(TEST_HOST)";
				CODE_SIGN_STYLE = Automatic;
				INFOPLIST_FILE = ApoloTests/Info.plist;
				IPHONEOS_DEPLOYMENT_TARGET = 13.7;
				LD_RUNPATH_SEARCH_PATHS = (
					"$(inherited)",
					"@executable_path/Frameworks",
					"@loader_path/Frameworks",
				);
				PRODUCT_BUNDLE_IDENTIFIER = angilex.ApoloTests;
				PRODUCT_NAME = "$(TARGET_NAME)";
				SWIFT_VERSION = 5.0;
				TARGETED_DEVICE_FAMILY = "1,2";
				TEST_HOST = "$(BUILT_PRODUCTS_DIR)/Apolo.app/Apolo";
			};
			name = Release;
		};
		AC4D5745250901590032F73D /* Debug */ = {
			isa = XCBuildConfiguration;
			buildSettings = {
				ALWAYS_EMBED_SWIFT_STANDARD_LIBRARIES = YES;
				CODE_SIGN_STYLE = Automatic;
				INFOPLIST_FILE = ApoloUITests/Info.plist;
				LD_RUNPATH_SEARCH_PATHS = (
					"$(inherited)",
					"@executable_path/Frameworks",
					"@loader_path/Frameworks",
				);
				PRODUCT_BUNDLE_IDENTIFIER = angilex.ApoloUITests;
				PRODUCT_NAME = "$(TARGET_NAME)";
				SWIFT_VERSION = 5.0;
				TARGETED_DEVICE_FAMILY = "1,2";
				TEST_TARGET_NAME = Apolo;
			};
			name = Debug;
		};
		AC4D5746250901590032F73D /* Release */ = {
			isa = XCBuildConfiguration;
			buildSettings = {
				ALWAYS_EMBED_SWIFT_STANDARD_LIBRARIES = YES;
				CODE_SIGN_STYLE = Automatic;
				INFOPLIST_FILE = ApoloUITests/Info.plist;
				LD_RUNPATH_SEARCH_PATHS = (
					"$(inherited)",
					"@executable_path/Frameworks",
					"@loader_path/Frameworks",
				);
				PRODUCT_BUNDLE_IDENTIFIER = angilex.ApoloUITests;
				PRODUCT_NAME = "$(TARGET_NAME)";
				SWIFT_VERSION = 5.0;
				TARGETED_DEVICE_FAMILY = "1,2";
				TEST_TARGET_NAME = Apolo;
			};
			name = Release;
		};
/* End XCBuildConfiguration section */

/* Begin XCConfigurationList section */
		AC4D570F250901580032F73D /* Build configuration list for PBXProject "Apolo" */ = {
			isa = XCConfigurationList;
			buildConfigurations = (
				AC4D573C250901590032F73D /* Debug */,
				AC4D573D250901590032F73D /* Release */,
			);
			defaultConfigurationIsVisible = 0;
			defaultConfigurationName = Release;
		};
		AC4D573E250901590032F73D /* Build configuration list for PBXNativeTarget "Apolo" */ = {
			isa = XCConfigurationList;
			buildConfigurations = (
				AC4D573F250901590032F73D /* Debug */,
				AC4D5740250901590032F73D /* Release */,
			);
			defaultConfigurationIsVisible = 0;
			defaultConfigurationName = Release;
		};
		AC4D5741250901590032F73D /* Build configuration list for PBXNativeTarget "ApoloTests" */ = {
			isa = XCConfigurationList;
			buildConfigurations = (
				AC4D5742250901590032F73D /* Debug */,
				AC4D5743250901590032F73D /* Release */,
			);
			defaultConfigurationIsVisible = 0;
			defaultConfigurationName = Release;
		};
		AC4D5744250901590032F73D /* Build configuration list for PBXNativeTarget "ApoloUITests" */ = {
			isa = XCConfigurationList;
			buildConfigurations = (
				AC4D5745250901590032F73D /* Debug */,
				AC4D5746250901590032F73D /* Release */,
			);
			defaultConfigurationIsVisible = 0;
			defaultConfigurationName = Release;
		};
/* End XCConfigurationList section */
	};
	rootObject = AC4D570C250901580032F73D /* Project object */;
}
